
Microsoft Visual Studio Solution File, Format Version 12.00
# Visual Studio Version 17
VisualStudioVersion = 17.11.35431.28
MinimumVisualStudioVersion = 10.0.40219.1
Project("{9A19103F-16F7-4668-BE54-9A1E7A4F7556}") = "Book E-Commerce", "Book E-Commerce\Book E-Commerce.csproj", "{6E6E4FDC-5CE6-4BBB-B6A4-E774408C38F6}"
EndProject
Project("{FAE04EC0-301F-11D3-BF4B-00C04F79EFBC}") = "Book.Utility", "Book.Utility\Book.Utility.csproj", "{61956C31-79D6-47E3-9460-C5DF46CB3E9D}"
EndProject
Project("{FAE04EC0-301F-11D3-BF4B-00C04F79EFBC}") = "Book.Models", "Book.Models\Book.Models.csproj", "{74491A48-4CA6-4B13-B651-18212B61BB55}"
EndProject
Project("{FAE04EC0-301F-11D3-BF4B-00C04F79EFBC}") = "Book.DataAccess", "Book.DataAccess\Book.DataAccess.csproj", "{1A6758A7-A394-4453-AAEA-5B2DA66579C3}"
EndProject
Global
	GlobalSection(SolutionConfigurationPlatforms) = preSolution
		Debug|Any CPU = Debug|Any CPU
		Release|Any CPU = Release|Any CPU
	EndGlobalSection
	GlobalSection(ProjectConfigurationPlatforms) = postSolution
		{6E6E4FDC-5CE6-4BBB-B6A4-E774408C38F6}.Debug|Any CPU.ActiveCfg = Debug|Any CPU
		{6E6E4FDC-5CE6-4BBB-B6A4-E774408C38F6}.Debug|Any CPU.Build.0 = Debug|Any CPU
		{6E6E4FDC-5CE6-4BBB-B6A4-E774408C38F6}.Release|Any CPU.ActiveCfg = Release|Any CPU
		{6E6E4FDC-5CE6-4BBB-B6A4-E774408C38F6}.Release|Any CPU.Build.0 = Release|Any CPU
		{61956C31-79D6-47E3-9460-C5DF46CB3E9D}.Debug|Any CPU.ActiveCfg = Debug|Any CPU
		{61956C31-79D6-47E3-9460-C5DF46CB3E9D}.Debug|Any CPU.Build.0 = Debug|Any CPU
		{61956C31-79D6-47E3-9460-C5DF46CB3E9D}.Release|Any CPU.ActiveCfg = Release|Any CPU
		{61956C31-79D6-47E3-9460-C5DF46CB3E9D}.Release|Any CPU.Build.0 = Release|Any CPU
		{74491A48-4CA6-4B13-B651-18212B61BB55}.Debug|Any CPU.ActiveCfg = Debug|Any CPU
		{74491A48-4CA6-4B13-B651-18212B61BB55}.Debug|Any CPU.Build.0 = Debug|Any CPU
		{74491A48-4CA6-4B13-B651-18212B61BB55}.Release|Any CPU.ActiveCfg = Release|Any CPU
		{74491A48-4CA6-4B13-B651-18212B61BB55}.Release|Any CPU.Build.0 = Release|Any CPU
		{1A6758A7-A394-4453-AAEA-5B2DA66579C3}.Debug|Any CPU.ActiveCfg = Debug|Any CPU
		{1A6758A7-A394-4453-AAEA-5B2DA66579C3}.Debug|Any CPU.Build.0 = Debug|Any CPU
		{1A6758A7-A394-4453-AAEA-5B2DA66579C3}.Release|Any CPU.ActiveCfg = Release|Any CPU
		{1A6758A7-A394-4453-AAEA-5B2DA66579C3}.Release|Any CPU.Build.0 = Release|Any CPU
	EndGlobalSection
	GlobalSection(SolutionProperties) = preSolution
		HideSolutionNode = FALSE
	EndGlobalSection
	GlobalSection(ExtensibilityGlobals) = postSolution
		SolutionGuid = {BD8790A8-886E-41CE-A017-32E710EF664E}
	EndGlobalSection
EndGlobal
